
Microsoft Visual Studio Solution File, Format Version 12.00
# Visual Studio Version 17
VisualStudioVersion = 17.5.33103.201
MinimumVisualStudioVersion = 10.0.40219.1
Project("{FAE04EC0-301F-11D3-BF4B-00C04F79EFBC}") = "HosniPortfolio.WebApi", "HosniPortfolio.WebApi\HosniPortfolio.WebApi.csproj", "{CF4450EA-40E7-4209-B5E2-93AC3A776FBF}"
EndProject
Global
	GlobalSection(SolutionConfigurationPlatforms) = preSolution
		Debug|Any CPU = Debug|Any CPU
		Release|Any CPU = Release|Any CPU
	EndGlobalSection
	GlobalSection(ProjectConfigurationPlatforms) = postSolution
		{CF4450EA-40E7-4209-B5E2-93AC3A776FBF}.Debug|Any CPU.ActiveCfg = Debug|Any CPU
		{CF4450EA-40E7-4209-B5E2-93AC3A776FBF}.Debug|Any CPU.Build.0 = Debug|Any CPU
		{CF4450EA-40E7-4209-B5E2-93AC3A776FBF}.Release|Any CPU.ActiveCfg = Release|Any CPU
		{CF4450EA-40E7-4209-B5E2-93AC3A776FBF}.Release|Any CPU.Build.0 = Release|Any CPU
	EndGlobalSection
	GlobalSection(SolutionProperties) = preSolution
		HideSolutionNode = FALSE
	EndGlobalSection
	GlobalSection(ExtensibilityGlobals) = postSolution
		SolutionGuid = {999E1F20-549D-421E-B660-C2CD6019099A}
	EndGlobalSection
EndGlobal
